
Microsoft Visual Studio Solution File, Format Version 12.00
# Visual Studio Version 16
VisualStudioVersion = 16.0.31624.102
MinimumVisualStudioVersion = 10.0.40219.1
Project("{FAE04EC0-301F-11D3-BF4B-00C04F79EFBC}") = "Meeting App", "Meeting App\Meeting App.csproj", "{2D6D7A40-D31F-419E-A131-A099287DF78D}"
EndProject
Global
	GlobalSection(SolutionConfigurationPlatforms) = preSolution
		Debug|Any CPU = Debug|Any CPU
		Release|Any CPU = Release|Any CPU
	EndGlobalSection
	GlobalSection(ProjectConfigurationPlatforms) = postSolution
		{2D6D7A40-D31F-419E-A131-A099287DF78D}.Debug|Any CPU.ActiveCfg = Debug|Any CPU
		{2D6D7A40-D31F-419E-A131-A099287DF78D}.Debug|Any CPU.Build.0 = Debug|Any CPU
		{2D6D7A40-D31F-419E-A131-A099287DF78D}.Release|Any CPU.ActiveCfg = Release|Any CPU
		{2D6D7A40-D31F-419E-A131-A099287DF78D}.Release|Any CPU.Build.0 = Release|Any CPU
	EndGlobalSection
	GlobalSection(SolutionProperties) = preSolution
		HideSolutionNode = FALSE
	EndGlobalSection
	GlobalSection(ExtensibilityGlobals) = postSolution
		SolutionGuid = {853DF5E7-08A6-49EF-A3B2-3E20CF6268E8}
	EndGlobalSection
EndGlobal
